
Microsoft Visual Studio Solution File, Format Version 12.00
# Visual Studio Version 17
VisualStudioVersion = 17.5.33516.290
MinimumVisualStudioVersion = 10.0.40219.1
Project("{FAE04EC0-301F-11D3-BF4B-00C04F79EFBC}") = "lab5(NP2)", "lab5(NP2).csproj", "{38D6A99A-54C5-403D-BB6C-4C1745E8DE82}"
EndProject
Global
	GlobalSection(SolutionConfigurationPlatforms) = preSolution
		Debug|Any CPU = Debug|Any CPU
		Release|Any CPU = Release|Any CPU
	EndGlobalSection
	GlobalSection(ProjectConfigurationPlatforms) = postSolution
		{38D6A99A-54C5-403D-BB6C-4C1745E8DE82}.Debug|Any CPU.ActiveCfg = Debug|Any CPU
		{38D6A99A-54C5-403D-BB6C-4C1745E8DE82}.Debug|Any CPU.Build.0 = Debug|Any CPU
		{38D6A99A-54C5-403D-BB6C-4C1745E8DE82}.Release|Any CPU.ActiveCfg = Release|Any CPU
		{38D6A99A-54C5-403D-BB6C-4C1745E8DE82}.Release|Any CPU.Build.0 = Release|Any CPU
	EndGlobalSection
	GlobalSection(SolutionProperties) = preSolution
		HideSolutionNode = FALSE
	EndGlobalSection
	GlobalSection(ExtensibilityGlobals) = postSolution
		SolutionGuid = {8D434A16-D28F-47DC-AE69-412931D588AD}
	EndGlobalSection
EndGlobal
